
Microsoft Visual Studio Solution File, Format Version 12.00
# Visual Studio Version 16
VisualStudioVersion = 16.0.31129.286
MinimumVisualStudioVersion = 10.0.40219.1
Project("{FAE04EC0-301F-11D3-BF4B-00C04F79EFBC}") = "WebApplication-MusicVideo", "WebApplication-MusicVideo\WebApplication-MusicVideo.csproj", "{8473E73B-1F1C-4548-A2F7-B958D379127F}"
EndProject
Global
	GlobalSection(SolutionConfigurationPlatforms) = preSolution
		Debug|Any CPU = Debug|Any CPU
		Release|Any CPU = Release|Any CPU
	EndGlobalSection
	GlobalSection(ProjectConfigurationPlatforms) = postSolution
		{8473E73B-1F1C-4548-A2F7-B958D379127F}.Debug|Any CPU.ActiveCfg = Debug|Any CPU
		{8473E73B-1F1C-4548-A2F7-B958D379127F}.Debug|Any CPU.Build.0 = Debug|Any CPU
		{8473E73B-1F1C-4548-A2F7-B958D379127F}.Release|Any CPU.ActiveCfg = Release|Any CPU
		{8473E73B-1F1C-4548-A2F7-B958D379127F}.Release|Any CPU.Build.0 = Release|Any CPU
	EndGlobalSection
	GlobalSection(SolutionProperties) = preSolution
		HideSolutionNode = FALSE
	EndGlobalSection
	GlobalSection(ExtensibilityGlobals) = postSolution
		SolutionGuid = {637D22E9-B412-465F-9D26-42F399FFEC93}
	EndGlobalSection
EndGlobal
